
Microsoft Visual Studio Solution File, Format Version 12.00
# Visual Studio 2012
Project("{FAE04EC0-301F-11D3-BF4B-00C04F79EFBC}") = "Engine", "Editor\Editor\Engine.csproj", "{67264F9A-5D37-4A7A-8623-558392D47577}"
EndProject
Project("{FAE04EC0-301F-11D3-BF4B-00C04F79EFBC}") = "EngineContent", "Editor\EditorContent\EngineContent.contentproj", "{A70DA665-6832-42E3-A876-35B77F4F730D}"
EndProject
Project("{FAE04EC0-301F-11D3-BF4B-00C04F79EFBC}") = "XNAnimation", "XNAnimation\XNAnimation.csproj", "{2A857645-A225-4177-99BD-C8F6D22B72FA}"
EndProject
Project("{FAE04EC0-301F-11D3-BF4B-00C04F79EFBC}") = "XNAnimationPipeline", "XNAnimationPipeline\XNAnimationPipeline.csproj", "{863795EB-0753-4461-AF43-48F38828D8E0}"
EndProject
Project("{FAE04EC0-301F-11D3-BF4B-00C04F79EFBC}") = "Software", "Software\Software.csproj", "{CA3E7986-D4FF-429D-8AD8-2F7D1C20D4E3}"
EndProject
Project("{FAE04EC0-301F-11D3-BF4B-00C04F79EFBC}") = "ModelViewer", "WindowsGame1\ModelViewer.csproj", "{126262CA-2B0C-42AB-9958-64CD4F0F74F5}"
EndProject
Project("{FAE04EC0-301F-11D3-BF4B-00C04F79EFBC}") = "ModelViewerContent", "WindowsGame1Content\ModelViewerContent.contentproj", "{98CC3ECC-60E3-46CB-B32A-166B86FB4CB2}"
EndProject
Project("{FAE04EC0-301F-11D3-BF4B-00C04F79EFBC}") = "LTreesLibrary", "LTreesLibrary\LTreesLibrary.csproj", "{8AAAB1D0-6C1D-4F92-851B-56D4611A6D1E}"
EndProject
Project("{FAE04EC0-301F-11D3-BF4B-00C04F79EFBC}") = "LTreesPipeline", "LTreesPipeline\LTreesPipeline.csproj", "{199AA449-800E-4908-BF49-778990A2983A}"
EndProject
Project("{FAE04EC0-301F-11D3-BF4B-00C04F79EFBC}") = "WinServer", "WinServer\WinServer.csproj", "{37D31B9A-987B-40C7-AFDF-F9D20335B0A3}"
EndProject
Global
	GlobalSection(TeamFoundationVersionControl) = preSolution
		SccNumberOfProjects = 11
		SccEnterpriseProvider = {4CA58AB2-18FA-4F8D-95D4-32DDF27D184C}
		SccTeamFoundationServer = https://apockalipss.visualstudio.com/defaultcollection
		SccLocalPath0 = .
		SccProjectUniqueName1 = XNAnimation\\XNAnimation.csproj
		SccProjectName1 = XNAnimation
		SccLocalPath1 = XNAnimation
		SccProjectUniqueName2 = XNAnimationPipeline\\XNAnimationPipeline.csproj
		SccProjectName2 = XNAnimationPipeline
		SccLocalPath2 = XNAnimationPipeline
		SccProjectUniqueName3 = Editor\\Editor\\Engine.csproj
		SccProjectName3 = Editor/Editor
		SccLocalPath3 = Editor\\Editor
		SccProjectUniqueName4 = Editor\\EditorContent\\EngineContent.contentproj
		SccProjectName4 = Editor/EditorContent
		SccLocalPath4 = Editor\\EditorContent
		SccProjectUniqueName5 = Software\\Software.csproj
		SccProjectName5 = Software
		SccLocalPath5 = Software
		SccProjectUniqueName6 = WindowsGame1\\ModelViewer.csproj
		SccProjectName6 = WindowsGame1
		SccLocalPath6 = WindowsGame1
		SccProjectUniqueName7 = WindowsGame1Content\\ModelViewerContent.contentproj
		SccProjectName7 = WindowsGame1Content
		SccLocalPath7 = WindowsGame1Content
		SccProjectUniqueName8 = LTreesLibrary\\LTreesLibrary.csproj
		SccProjectName8 = LTreesLibrary
		SccLocalPath8 = LTreesLibrary
		SccProjectUniqueName9 = LTreesPipeline\\LTreesPipeline.csproj
		SccProjectName9 = LTreesPipeline
		SccLocalPath9 = LTreesPipeline
		SccProjectUniqueName10 = WinServer\\WinServer.csproj
		SccProjectName10 = WinServer
		SccLocalPath10 = WinServer
	EndGlobalSection
	GlobalSection(SolutionConfigurationPlatforms) = preSolution
		Debug|Any CPU = Debug|Any CPU
		Debug|Mixed Platforms = Debug|Mixed Platforms
		Debug|x86 = Debug|x86
		Debug|Xbox 360 = Debug|Xbox 360
		Debug|Zune = Debug|Zune
		Release|Any CPU = Release|Any CPU
		Release|Mixed Platforms = Release|Mixed Platforms
		Release|x86 = Release|x86
		Release|Xbox 360 = Release|Xbox 360
		Release|Zune = Release|Zune
	EndGlobalSection
	GlobalSection(ProjectConfigurationPlatforms) = postSolution
		{67264F9A-5D37-4A7A-8623-558392D47577}.Debug|Any CPU.ActiveCfg = Debug|x86
		{67264F9A-5D37-4A7A-8623-558392D47577}.Debug|Any CPU.Build.0 = Debug|x86
		{67264F9A-5D37-4A7A-8623-558392D47577}.Debug|Mixed Platforms.ActiveCfg = Debug|x86
		{67264F9A-5D37-4A7A-8623-558392D47577}.Debug|Mixed Platforms.Build.0 = Debug|x86
		{67264F9A-5D37-4A7A-8623-558392D47577}.Debug|x86.ActiveCfg = Debug|x86
		{67264F9A-5D37-4A7A-8623-558392D47577}.Debug|x86.Build.0 = Debug|x86
		{67264F9A-5D37-4A7A-8623-558392D47577}.Debug|Xbox 360.ActiveCfg = Debug|x86
		{67264F9A-5D37-4A7A-8623-558392D47577}.Debug|Zune.ActiveCfg = Debug|x86
		{67264F9A-5D37-4A7A-8623-558392D47577}.Release|Any CPU.ActiveCfg = Release|x86
		{67264F9A-5D37-4A7A-8623-558392D47577}.Release|Mixed Platforms.ActiveCfg = Release|x86
		{67264F9A-5D37-4A7A-8623-558392D47577}.Release|Mixed Platforms.Build.0 = Release|x86
		{67264F9A-5D37-4A7A-8623-558392D47577}.Release|x86.ActiveCfg = Release|x86
		{67264F9A-5D37-4A7A-8623-558392D47577}.Release|x86.Build.0 = Release|x86
		{67264F9A-5D37-4A7A-8623-558392D47577}.Release|Xbox 360.ActiveCfg = Release|x86
		{67264F9A-5D37-4A7A-8623-558392D47577}.Release|Zune.ActiveCfg = Release|x86
		{A70DA665-6832-42E3-A876-35B77F4F730D}.Debug|Any CPU.ActiveCfg = Debug|x86
		{A70DA665-6832-42E3-A876-35B77F4F730D}.Debug|Mixed Platforms.ActiveCfg = Debug|x86
		{A70DA665-6832-42E3-A876-35B77F4F730D}.Debug|x86.ActiveCfg = Debug|x86
		{A70DA665-6832-42E3-A876-35B77F4F730D}.Debug|Xbox 360.ActiveCfg = Debug|x86
		{A70DA665-6832-42E3-A876-35B77F4F730D}.Debug|Zune.ActiveCfg = Debug|x86
		{A70DA665-6832-42E3-A876-35B77F4F730D}.Release|Any CPU.ActiveCfg = Release|x86
		{A70DA665-6832-42E3-A876-35B77F4F730D}.Release|Mixed Platforms.ActiveCfg = Release|x86
		{A70DA665-6832-42E3-A876-35B77F4F730D}.Release|x86.ActiveCfg = Release|x86
		{A70DA665-6832-42E3-A876-35B77F4F730D}.Release|Xbox 360.ActiveCfg = Release|x86
		{A70DA665-6832-42E3-A876-35B77F4F730D}.Release|Zune.ActiveCfg = Release|x86
		{2A857645-A225-4177-99BD-C8F6D22B72FA}.Debug|Any CPU.ActiveCfg = Debug|x86
		{2A857645-A225-4177-99BD-C8F6D22B72FA}.Debug|Any CPU.Build.0 = Debug|x86
		{2A857645-A225-4177-99BD-C8F6D22B72FA}.Debug|Mixed Platforms.ActiveCfg = Debug|x86
		{2A857645-A225-4177-99BD-C8F6D22B72FA}.Debug|Mixed Platforms.Build.0 = Debug|x86
		{2A857645-A225-4177-99BD-C8F6D22B72FA}.Debug|x86.ActiveCfg = Debug|x86
		{2A857645-A225-4177-99BD-C8F6D22B72FA}.Debug|x86.Build.0 = Debug|x86
		{2A857645-A225-4177-99BD-C8F6D22B72FA}.Debug|Xbox 360.ActiveCfg = Debug|x86
		{2A857645-A225-4177-99BD-C8F6D22B72FA}.Debug|Zune.ActiveCfg = Debug|x86
		{2A857645-A225-4177-99BD-C8F6D22B72FA}.Release|Any CPU.ActiveCfg = Release|x86
		{2A857645-A225-4177-99BD-C8F6D22B72FA}.Release|Mixed Platforms.ActiveCfg = Release|x86
		{2A857645-A225-4177-99BD-C8F6D22B72FA}.Release|Mixed Platforms.Build.0 = Release|x86
		{2A857645-A225-4177-99BD-C8F6D22B72FA}.Release|x86.ActiveCfg = Release|x86
		{2A857645-A225-4177-99BD-C8F6D22B72FA}.Release|x86.Build.0 = Release|x86
		{2A857645-A225-4177-99BD-C8F6D22B72FA}.Release|Xbox 360.ActiveCfg = Release|x86
		{2A857645-A225-4177-99BD-C8F6D22B72FA}.Release|Zune.ActiveCfg = Release|x86
		{863795EB-0753-4461-AF43-48F38828D8E0}.Debug|Any CPU.ActiveCfg = Debug|x86
		{863795EB-0753-4461-AF43-48F38828D8E0}.Debug|Any CPU.Build.0 = Debug|x86
		{863795EB-0753-4461-AF43-48F38828D8E0}.Debug|Mixed Platforms.ActiveCfg = Debug|x86
		{863795EB-0753-4461-AF43-48F38828D8E0}.Debug|Mixed Platforms.Build.0 = Debug|x86
		{863795EB-0753-4461-AF43-48F38828D8E0}.Debug|x86.ActiveCfg = Debug|x86
		{863795EB-0753-4461-AF43-48F38828D8E0}.Debug|x86.Build.0 = Debug|x86
		{863795EB-0753-4461-AF43-48F38828D8E0}.Debug|Xbox 360.ActiveCfg = Debug|x86
		{863795EB-0753-4461-AF43-48F38828D8E0}.Debug|Xbox 360.Build.0 = Debug|x86
		{863795EB-0753-4461-AF43-48F38828D8E0}.Debug|Zune.ActiveCfg = Debug|x86
		{863795EB-0753-4461-AF43-48F38828D8E0}.Debug|Zune.Build.0 = Debug|x86
		{863795EB-0753-4461-AF43-48F38828D8E0}.Release|Any CPU.ActiveCfg = Debug|x86
		{863795EB-0753-4461-AF43-48F38828D8E0}.Release|Any CPU.Build.0 = Debug|x86
		{863795EB-0753-4461-AF43-48F38828D8E0}.Release|Mixed Platforms.ActiveCfg = Debug|x86
		{863795EB-0753-4461-AF43-48F38828D8E0}.Release|Mixed Platforms.Build.0 = Debug|x86
		{863795EB-0753-4461-AF43-48F38828D8E0}.Release|x86.ActiveCfg = Debug|x86
		{863795EB-0753-4461-AF43-48F38828D8E0}.Release|x86.Build.0 = Debug|x86
		{863795EB-0753-4461-AF43-48F38828D8E0}.Release|Xbox 360.ActiveCfg = Debug|x86
		{863795EB-0753-4461-AF43-48F38828D8E0}.Release|Xbox 360.Build.0 = Debug|x86
		{863795EB-0753-4461-AF43-48F38828D8E0}.Release|Zune.ActiveCfg = Debug|x86
		{863795EB-0753-4461-AF43-48F38828D8E0}.Release|Zune.Build.0 = Debug|x86
		{CA3E7986-D4FF-429D-8AD8-2F7D1C20D4E3}.Debug|Any CPU.ActiveCfg = Debug|Any CPU
		{CA3E7986-D4FF-429D-8AD8-2F7D1C20D4E3}.Debug|Any CPU.Build.0 = Debug|Any CPU
		{CA3E7986-D4FF-429D-8AD8-2F7D1C20D4E3}.Debug|Mixed Platforms.ActiveCfg = Debug|Any CPU
		{CA3E7986-D4FF-429D-8AD8-2F7D1C20D4E3}.Debug|Mixed Platforms.Build.0 = Debug|Any CPU
		{CA3E7986-D4FF-429D-8AD8-2F7D1C20D4E3}.Debug|x86.ActiveCfg = Debug|Any CPU
		{CA3E7986-D4FF-429D-8AD8-2F7D1C20D4E3}.Debug|x86.Build.0 = Debug|Any CPU
		{CA3E7986-D4FF-429D-8AD8-2F7D1C20D4E3}.Debug|Xbox 360.ActiveCfg = Debug|Any CPU
		{CA3E7986-D4FF-429D-8AD8-2F7D1C20D4E3}.Debug|Zune.ActiveCfg = Debug|Any CPU
		{CA3E7986-D4FF-429D-8AD8-2F7D1C20D4E3}.Release|Any CPU.ActiveCfg = Release|Any CPU
		{CA3E7986-D4FF-429D-8AD8-2F7D1C20D4E3}.Release|Any CPU.Build.0 = Release|Any CPU
		{CA3E7986-D4FF-429D-8AD8-2F7D1C20D4E3}.Release|Mixed Platforms.ActiveCfg = Release|Any CPU
		{CA3E7986-D4FF-429D-8AD8-2F7D1C20D4E3}.Release|Mixed Platforms.Build.0 = Release|Any CPU
		{CA3E7986-D4FF-429D-8AD8-2F7D1C20D4E3}.Release|x86.ActiveCfg = Release|Any CPU
		{CA3E7986-D4FF-429D-8AD8-2F7D1C20D4E3}.Release|Xbox 360.ActiveCfg = Release|Any CPU
		{CA3E7986-D4FF-429D-8AD8-2F7D1C20D4E3}.Release|Zune.ActiveCfg = Release|Any CPU
		{126262CA-2B0C-42AB-9958-64CD4F0F74F5}.Debug|Any CPU.ActiveCfg = Debug|x86
		{126262CA-2B0C-42AB-9958-64CD4F0F74F5}.Debug|Any CPU.Build.0 = Debug|x86
		{126262CA-2B0C-42AB-9958-64CD4F0F74F5}.Debug|Mixed Platforms.ActiveCfg = Debug|x86
		{126262CA-2B0C-42AB-9958-64CD4F0F74F5}.Debug|Mixed Platforms.Build.0 = Debug|x86
		{126262CA-2B0C-42AB-9958-64CD4F0F74F5}.Debug|x86.ActiveCfg = Debug|x86
		{126262CA-2B0C-42AB-9958-64CD4F0F74F5}.Debug|x86.Build.0 = Debug|x86
		{126262CA-2B0C-42AB-9958-64CD4F0F74F5}.Debug|Xbox 360.ActiveCfg = Debug|x86
		{126262CA-2B0C-42AB-9958-64CD4F0F74F5}.Debug|Zune.ActiveCfg = Debug|x86
		{126262CA-2B0C-42AB-9958-64CD4F0F74F5}.Release|Any CPU.ActiveCfg = Release|x86
		{126262CA-2B0C-42AB-9958-64CD4F0F74F5}.Release|Mixed Platforms.ActiveCfg = Release|x86
		{126262CA-2B0C-42AB-9958-64CD4F0F74F5}.Release|Mixed Platforms.Build.0 = Release|x86
		{126262CA-2B0C-42AB-9958-64CD4F0F74F5}.Release|x86.ActiveCfg = Release|x86
		{126262CA-2B0C-42AB-9958-64CD4F0F74F5}.Release|x86.Build.0 = Release|x86
		{126262CA-2B0C-42AB-9958-64CD4F0F74F5}.Release|Xbox 360.ActiveCfg = Release|x86
		{126262CA-2B0C-42AB-9958-64CD4F0F74F5}.Release|Zune.ActiveCfg = Release|x86
		{98CC3ECC-60E3-46CB-B32A-166B86FB4CB2}.Debug|Any CPU.ActiveCfg = Debug|x86
		{98CC3ECC-60E3-46CB-B32A-166B86FB4CB2}.Debug|Any CPU.Build.0 = Debug|x86
		{98CC3ECC-60E3-46CB-B32A-166B86FB4CB2}.Debug|Mixed Platforms.ActiveCfg = Debug|x86
		{98CC3ECC-60E3-46CB-B32A-166B86FB4CB2}.Debug|x86.ActiveCfg = Debug|x86
		{98CC3ECC-60E3-46CB-B32A-166B86FB4CB2}.Debug|Xbox 360.ActiveCfg = Debug|x86
		{98CC3ECC-60E3-46CB-B32A-166B86FB4CB2}.Debug|Zune.ActiveCfg = Debug|x86
		{98CC3ECC-60E3-46CB-B32A-166B86FB4CB2}.Release|Any CPU.ActiveCfg = Release|x86
		{98CC3ECC-60E3-46CB-B32A-166B86FB4CB2}.Release|Mixed Platforms.ActiveCfg = Release|x86
		{98CC3ECC-60E3-46CB-B32A-166B86FB4CB2}.Release|x86.ActiveCfg = Release|x86
		{98CC3ECC-60E3-46CB-B32A-166B86FB4CB2}.Release|Xbox 360.ActiveCfg = Release|x86
		{98CC3ECC-60E3-46CB-B32A-166B86FB4CB2}.Release|Zune.ActiveCfg = Release|x86
		{8AAAB1D0-6C1D-4F92-851B-56D4611A6D1E}.Debug|Any CPU.ActiveCfg = Debug|x86
		{8AAAB1D0-6C1D-4F92-851B-56D4611A6D1E}.Debug|Any CPU.Build.0 = Debug|x86
		{8AAAB1D0-6C1D-4F92-851B-56D4611A6D1E}.Debug|Mixed Platforms.ActiveCfg = Debug|x86
		{8AAAB1D0-6C1D-4F92-851B-56D4611A6D1E}.Debug|Mixed Platforms.Build.0 = Debug|x86
		{8AAAB1D0-6C1D-4F92-851B-56D4611A6D1E}.Debug|x86.ActiveCfg = Debug|x86
		{8AAAB1D0-6C1D-4F92-851B-56D4611A6D1E}.Debug|x86.Build.0 = Debug|x86
		{8AAAB1D0-6C1D-4F92-851B-56D4611A6D1E}.Debug|Xbox 360.ActiveCfg = Debug|x86
		{8AAAB1D0-6C1D-4F92-851B-56D4611A6D1E}.Debug|Zune.ActiveCfg = Debug|x86
		{8AAAB1D0-6C1D-4F92-851B-56D4611A6D1E}.Release|Any CPU.ActiveCfg = Release|x86
		{8AAAB1D0-6C1D-4F92-851B-56D4611A6D1E}.Release|Mixed Platforms.ActiveCfg = Release|x86
		{8AAAB1D0-6C1D-4F92-851B-56D4611A6D1E}.Release|Mixed Platforms.Build.0 = Release|x86
		{8AAAB1D0-6C1D-4F92-851B-56D4611A6D1E}.Release|x86.ActiveCfg = Release|x86
		{8AAAB1D0-6C1D-4F92-851B-56D4611A6D1E}.Release|x86.Build.0 = Release|x86
		{8AAAB1D0-6C1D-4F92-851B-56D4611A6D1E}.Release|Xbox 360.ActiveCfg = Release|x86
		{8AAAB1D0-6C1D-4F92-851B-56D4611A6D1E}.Release|Zune.ActiveCfg = Release|x86
		{199AA449-800E-4908-BF49-778990A2983A}.Debug|Any CPU.ActiveCfg = Debug|x86
		{199AA449-800E-4908-BF49-778990A2983A}.Debug|Any CPU.Build.0 = Debug|x86
		{199AA449-800E-4908-BF49-778990A2983A}.Debug|Mixed Platforms.ActiveCfg = Debug|x86
		{199AA449-800E-4908-BF49-778990A2983A}.Debug|Mixed Platforms.Build.0 = Debug|x86
		{199AA449-800E-4908-BF49-778990A2983A}.Debug|x86.ActiveCfg = Debug|x86
		{199AA449-800E-4908-BF49-778990A2983A}.Debug|x86.Build.0 = Debug|x86
		{199AA449-800E-4908-BF49-778990A2983A}.Debug|Xbox 360.ActiveCfg = Debug|Xbox 360
		{199AA449-800E-4908-BF49-778990A2983A}.Debug|Xbox 360.Build.0 = Debug|Xbox 360
		{199AA449-800E-4908-BF49-778990A2983A}.Debug|Zune.ActiveCfg = Debug|Zune
		{199AA449-800E-4908-BF49-778990A2983A}.Debug|Zune.Build.0 = Debug|Zune
		{199AA449-800E-4908-BF49-778990A2983A}.Release|Any CPU.ActiveCfg = Release|x86
		{199AA449-800E-4908-BF49-778990A2983A}.Release|Any CPU.Build.0 = Release|x86
		{199AA449-800E-4908-BF49-778990A2983A}.Release|Mixed Platforms.ActiveCfg = Release|x86
		{199AA449-800E-4908-BF49-778990A2983A}.Release|Mixed Platforms.Build.0 = Release|x86
		{199AA449-800E-4908-BF49-778990A2983A}.Release|x86.ActiveCfg = Release|x86
		{199AA449-800E-4908-BF49-778990A2983A}.Release|x86.Build.0 = Release|x86
		{199AA449-800E-4908-BF49-778990A2983A}.Release|Xbox 360.ActiveCfg = Release|Xbox 360
		{199AA449-800E-4908-BF49-778990A2983A}.Release|Xbox 360.Build.0 = Release|Xbox 360
		{199AA449-800E-4908-BF49-778990A2983A}.Release|Zune.ActiveCfg = Release|Zune
		{199AA449-800E-4908-BF49-778990A2983A}.Release|Zune.Build.0 = Release|Zune
		{37D31B9A-987B-40C7-AFDF-F9D20335B0A3}.Debug|Any CPU.ActiveCfg = Debug|Any CPU
		{37D31B9A-987B-40C7-AFDF-F9D20335B0A3}.Debug|Any CPU.Build.0 = Debug|Any CPU
		{37D31B9A-987B-40C7-AFDF-F9D20335B0A3}.Debug|Mixed Platforms.ActiveCfg = Debug|Any CPU
		{37D31B9A-987B-40C7-AFDF-F9D20335B0A3}.Debug|Mixed Platforms.Build.0 = Debug|Any CPU
		{37D31B9A-987B-40C7-AFDF-F9D20335B0A3}.Debug|x86.ActiveCfg = Debug|Any CPU
		{37D31B9A-987B-40C7-AFDF-F9D20335B0A3}.Debug|Xbox 360.ActiveCfg = Debug|Any CPU
		{37D31B9A-987B-40C7-AFDF-F9D20335B0A3}.Debug|Zune.ActiveCfg = Debug|Any CPU
		{37D31B9A-987B-40C7-AFDF-F9D20335B0A3}.Release|Any CPU.ActiveCfg = Release|Any CPU
		{37D31B9A-987B-40C7-AFDF-F9D20335B0A3}.Release|Any CPU.Build.0 = Release|Any CPU
		{37D31B9A-987B-40C7-AFDF-F9D20335B0A3}.Release|Mixed Platforms.ActiveCfg = Release|Any CPU
		{37D31B9A-987B-40C7-AFDF-F9D20335B0A3}.Release|Mixed Platforms.Build.0 = Release|Any CPU
		{37D31B9A-987B-40C7-AFDF-F9D20335B0A3}.Release|x86.ActiveCfg = Release|Any CPU
		{37D31B9A-987B-40C7-AFDF-F9D20335B0A3}.Release|Xbox 360.ActiveCfg = Release|Any CPU
		{37D31B9A-987B-40C7-AFDF-F9D20335B0A3}.Release|Zune.ActiveCfg = Release|Any CPU
	EndGlobalSection
	GlobalSection(SolutionProperties) = preSolution
		HideSolutionNode = FALSE
	EndGlobalSection
EndGlobal
